{
  "name": "opal-mirror",
  "version": "0.3.0",
  "lockfileVersion": 3,
  "requires": true,
  "packages": {
    "": {
      "name": "opal-mirror",
      "version": "0.3.0",
      "license": "MIT",
      "bin": {
        "opal-mirror": "bin/opal-mirror.mjs"
      },
      "engines": {
        "node": ">=18"
      }
    }
  }
}
